
Microsoft Visual Studio Solution File, Format Version 12.00
# Visual Studio 15
VisualStudioVersion = 15.0.28307.1500
MinimumVisualStudioVersion = 10.0.40219.1
Project("{888888A0-9F3D-457C-B088-3A5042F75D52}") = "newflask", "newflask\newflask.pyproj", "{ADD69C91-AD24-4378-A074-E018B8F38107}"
EndProject
Global
	GlobalSection(SolutionConfigurationPlatforms) = preSolution
		Debug|Any CPU = Debug|Any CPU
		Release|Any CPU = Release|Any CPU
	EndGlobalSection
	GlobalSection(ProjectConfigurationPlatforms) = postSolution
		{ADD69C91-AD24-4378-A074-E018B8F38107}.Debug|Any CPU.ActiveCfg = Debug|Any CPU
		{ADD69C91-AD24-4378-A074-E018B8F38107}.Release|Any CPU.ActiveCfg = Release|Any CPU
	EndGlobalSection
	GlobalSection(SolutionProperties) = preSolution
		HideSolutionNode = FALSE
	EndGlobalSection
	GlobalSection(ExtensibilityGlobals) = postSolution
		SolutionGuid = {5488EABE-376C-4FBA-AB20-E5B6209C1286}
	EndGlobalSection
EndGlobal
